
Microsoft Visual Studio Solution File, Format Version 12.00
# Visual Studio 15
VisualStudioVersion = 15.0.27130.2027
MinimumVisualStudioVersion = 10.0.40219.1
Project("{FAE04EC0-301F-11D3-BF4B-00C04F79EFBC}") = "NuGetGraph", "NuGetGraph\NuGetGraph.csproj", "{ABAC0DFE-1755-48AF-86E2-C3D40DE8E557}"
EndProject
Project("{FAE04EC0-301F-11D3-BF4B-00C04F79EFBC}") = "NuGetGraph.Core", "NuGetGraph.Core\NuGetGraph.Core.csproj", "{CFA1F1CC-0FE9-4F56-901D-CAB0F298169E}"
EndProject
Global
	GlobalSection(SolutionConfigurationPlatforms) = preSolution
		Debug|Any CPU = Debug|Any CPU
		Release|Any CPU = Release|Any CPU
	EndGlobalSection
	GlobalSection(ProjectConfigurationPlatforms) = postSolution
		{ABAC0DFE-1755-48AF-86E2-C3D40DE8E557}.Debug|Any CPU.ActiveCfg = Debug|Any CPU
		{ABAC0DFE-1755-48AF-86E2-C3D40DE8E557}.Debug|Any CPU.Build.0 = Debug|Any CPU
		{ABAC0DFE-1755-48AF-86E2-C3D40DE8E557}.Release|Any CPU.ActiveCfg = Release|Any CPU
		{ABAC0DFE-1755-48AF-86E2-C3D40DE8E557}.Release|Any CPU.Build.0 = Release|Any CPU
		{CFA1F1CC-0FE9-4F56-901D-CAB0F298169E}.Debug|Any CPU.ActiveCfg = Debug|Any CPU
		{CFA1F1CC-0FE9-4F56-901D-CAB0F298169E}.Debug|Any CPU.Build.0 = Debug|Any CPU
		{CFA1F1CC-0FE9-4F56-901D-CAB0F298169E}.Release|Any CPU.ActiveCfg = Release|Any CPU
		{CFA1F1CC-0FE9-4F56-901D-CAB0F298169E}.Release|Any CPU.Build.0 = Release|Any CPU
	EndGlobalSection
	GlobalSection(SolutionProperties) = preSolution
		HideSolutionNode = FALSE
	EndGlobalSection
	GlobalSection(ExtensibilityGlobals) = postSolution
		SolutionGuid = {CD592D5C-61D5-4728-887A-FCEEEFCDE028}
	EndGlobalSection
EndGlobal
